
Microsoft Visual Studio Solution File, Format Version 12.00
# Visual Studio Version 17
VisualStudioVersion = 17.7.34221.43
MinimumVisualStudioVersion = 10.0.40219.1
Project("{FAE04EC0-301F-11D3-BF4B-00C04F79EFBC}") = "Web", "Web\Web.csproj", "{C8D5A63C-364C-4EDC-8BB2-7341F496013C}"
EndProject
Global
	GlobalSection(SolutionConfigurationPlatforms) = preSolution
		Debug|Any CPU = Debug|Any CPU
		Release|Any CPU = Release|Any CPU
	EndGlobalSection
	GlobalSection(ProjectConfigurationPlatforms) = postSolution
		{C8D5A63C-364C-4EDC-8BB2-7341F496013C}.Debug|Any CPU.ActiveCfg = Debug|Any CPU
		{C8D5A63C-364C-4EDC-8BB2-7341F496013C}.Debug|Any CPU.Build.0 = Debug|Any CPU
		{C8D5A63C-364C-4EDC-8BB2-7341F496013C}.Release|Any CPU.ActiveCfg = Release|Any CPU
		{C8D5A63C-364C-4EDC-8BB2-7341F496013C}.Release|Any CPU.Build.0 = Release|Any CPU
	EndGlobalSection
	GlobalSection(SolutionProperties) = preSolution
		HideSolutionNode = FALSE
	EndGlobalSection
	GlobalSection(ExtensibilityGlobals) = postSolution
		SolutionGuid = {847829E3-3FB6-4608-9337-5BD5281A87B0}
	EndGlobalSection
EndGlobal
